{
  "name": "WebProject",
  "lockfileVersion": 2,
  "requires": true,
  "packages": {
    "": {
      "dependencies": {
        "slapform": "^2.0.4"
      }
    },
    "node_modules/slapform": {
      "version": "2.0.4",
      "resolved": "https://registry.npmjs.org/slapform/-/slapform-2.0.4.tgz",
      "integrity": "sha512-Y32I4THe2afUcf25jsneQZbZlJc0UNGRUPtNifVMf2k96G82GtaXmgDI+NK14Lld1PGsnbNcu40RUAe6pEms0g==",
      "engines": {
        "node": ">=6.0.0"
      }
    }
  },
  "dependencies": {
    "slapform": {
      "version": "2.0.4",
      "resolved": "https://registry.npmjs.org/slapform/-/slapform-2.0.4.tgz",
      "integrity": "sha512-Y32I4THe2afUcf25jsneQZbZlJc0UNGRUPtNifVMf2k96G82GtaXmgDI+NK14Lld1PGsnbNcu40RUAe6pEms0g=="
    }
  }
}
